# This file was autogenerated by Stack.
# You should not edit this file by hand.
# For more information, please see the documentation at:
#   https://docs.haskellstack.org/en/stable/lock_files

packages:
- completed:
    hackage: digestive-functors-0.8.3.0@sha256:090895c10f8a20ed834b89bb8ac6aa9512367b614a06316bf6dcd2f0ab6c165a,3041
    pantry-tree:
      size: 1682
      sha256: 2f1a567ce6b73f0c8b31f4ea297f2b102107c96e8167a6ed68e0702d1c469b4e
  original:
    hackage: digestive-functors-0.8.3.0
- completed:
    hackage: digestive-functors-aeson-1.1.22@sha256:81984a1917b3da11a39fae39241b867b4ca2b32b581585dec2d1d0de27ca7169,1584
    pantry-tree:
      size: 345
      sha256: 1ac61ae71cd9a2cef542e94a9122b37efbcf95b639c0b1da74b5d911e685bbac
  original:
    hackage: digestive-functors-aeson-1.1.22
- completed:
    hackage: heroku-0.1.2.3@sha256:8a5f7b9a0a60178a6edb1e5e8cbcdb8d5ffb407939bc30deb8ae7d05e879e9a7,928
    pantry-tree:
      size: 497
      sha256: 4ecfc76d483616cb8b5968e12896acbab7662b18894f7a82b7cb7d214da71f43
  original:
    hackage: heroku-0.1.2.3
- completed:
    hackage: primitive-0.6.4.0@sha256:5b6a2c3cc70a35aabd4565fcb9bb1dd78fe2814a36e62428a9a1aae8c32441a1,2079
    pantry-tree:
      size: 1517
      sha256: 5d5e591311664886e88ade3da6880c32adf0d1fe80c55f40a3c93bb91df8fdeb
  original:
    hackage: primitive-0.6.4.0
- completed:
    hackage: persistent-migration-0.1.0@sha256:fc5e12fba98de900f1272014fa9c018c60a69cb6919d3e856eab3d859cee5333,3573
    pantry-tree:
      size: 1702
      sha256: a75ca947afd625a2db5fa111f226fee5528d3ef9109d6214d6388272e2e4ce14
  original:
    hackage: persistent-migration-0.1.0
snapshots:
- completed:
    size: 568435
    url: https://raw.githubusercontent.com/commercialhaskell/stackage-snapshots/master/lts/10/4.yaml
    sha256: 65ac0604c29a81f0aef5dff499eb9d6c5cdd7dbfedcfdad6b3f0a9e75b422cbe
  original: lts-10.4
